{
  "nodes": {
    "flake-utils": {
      "locked": {
        "lastModified": 1642700792,
        "narHash": "sha256-XqHrk7hFb+zBvRg6Ghl+AZDq03ov6OshJLiSWOoX5es=",
        "owner": "numtide",
        "repo": "flake-utils",
        "rev": "846b2ae0fc4cc943637d3d1def4454213e203cba",
        "type": "github"
      },
      "original": {
        "owner": "numtide",
        "repo": "flake-utils",
        "type": "github"
      }
    },
    "flake-utils_2": {
      "locked": {
        "lastModified": 1638122382,
        "narHash": "sha256-sQzZzAbvKEqN9s0bzWuYmRaA03v40gaJ4+iL1LXjaeI=",
        "owner": "numtide",
        "repo": "flake-utils",
        "rev": "74f7e4319258e287b0f9cb95426c9853b282730b",
        "type": "github"
      },
      "original": {
        "owner": "numtide",
        "repo": "flake-utils",
        "type": "github"
      }
    },
    "flake-utils_3": {
      "locked": {
        "lastModified": 1637014545,
        "narHash": "sha256-26IZAc5yzlD9FlDT54io1oqG/bBoyka+FJk5guaX4x4=",
        "owner": "numtide",
        "repo": "flake-utils",
        "rev": "bba5dcc8e0b20ab664967ad83d24d64cb64ec4f4",
        "type": "github"
      },
      "original": {
        "owner": "numtide",
        "repo": "flake-utils",
        "type": "github"
      }
    },
    "nixpkgs": {
      "locked": {
        "lastModified": 1643653624,
        "narHash": "sha256-+8hLMsQrZ2rkvcEtEId6HMe8GPxVb5ga+Vh1fdsqJDU=",
        "owner": "NixOS",
        "repo": "nixpkgs",
        "rev": "a529f0c125a78343b145a8eb2b915b0295e4f459",
        "type": "github"
      },
      "original": {
        "owner": "NixOS",
        "ref": "nixpkgs-unstable",
        "repo": "nixpkgs",
        "type": "github"
      }
    },
    "nixpkgs_2": {
      "locked": {
        "lastModified": 1638366923,
        "narHash": "sha256-Sh6+Pm0ShdtqW+BGynIJX+F12Lqs0xJq6qWmDkZN2uA=",
        "owner": "NixOS",
        "repo": "nixpkgs",
        "rev": "1fbcb733eb9daf23ab9e70e58e76fa0b767dc033",
        "type": "github"
      },
      "original": {
        "owner": "NixOS",
        "ref": "nixpkgs-unstable",
        "repo": "nixpkgs",
        "type": "github"
      }
    },
    "nixpkgs_3": {
      "locked": {
        "lastModified": 1643653624,
        "narHash": "sha256-+8hLMsQrZ2rkvcEtEId6HMe8GPxVb5ga+Vh1fdsqJDU=",
        "owner": "NixOS",
        "repo": "nixpkgs",
        "rev": "a529f0c125a78343b145a8eb2b915b0295e4f459",
        "type": "github"
      },
      "original": {
        "owner": "NixOS",
        "ref": "nixpkgs-unstable",
        "repo": "nixpkgs",
        "type": "github"
      }
    },
    "root": {
      "inputs": {
        "flake-utils": "flake-utils",
        "nixpkgs": "nixpkgs",
        "saber-overlay": "saber-overlay"
      }
    },
    "rust-overlay": {
      "inputs": {
        "flake-utils": "flake-utils_3",
        "nixpkgs": "nixpkgs_3"
      },
      "locked": {
        "lastModified": 1638325128,
        "narHash": "sha256-xNixLjQeH06A9JImD1Z5MFnck1vpUasH2GQqmP2VpCU=",
        "owner": "oxalica",
        "repo": "rust-overlay",
        "rev": "058e0be9f556a7d3d175144b70b19132eb3d15f8",
        "type": "github"
      },
      "original": {
        "owner": "oxalica",
        "repo": "rust-overlay",
        "type": "github"
      }
    },
    "saber-overlay": {
      "inputs": {
        "flake-utils": "flake-utils_2",
        "nixpkgs": "nixpkgs_2",
        "rust-overlay": "rust-overlay"
      },
      "locked": {
        "lastModified": 1642124889,
        "narHash": "sha256-mb6oBCdTo/YGMrPL0k3J3lEzoBVYJuLgm0inxN2RWjw=",
        "owner": "saber-hq",
        "repo": "saber-overlay",
        "rev": "68677f4c1cba63150b8ca9ffb92eef0195a2cf7e",
        "type": "github"
      },
      "original": {
        "owner": "saber-hq",
        "repo": "saber-overlay",
        "type": "github"
      }
    }
  },
  "root": "root",
  "version": 7
}
